{
    "name": "amato-cli",
    "version": "1.0.1",
    "lockfileVersion": 2,
    "requires": true,
    "packages": {
        "": {
            "version": "1.0.1",
            "license": "ISC",
            "dependencies": {
                "@types/argv": "^0.0.4",
                "@types/fs-extra": "^9.0.4",
                "amato": "^1.0.2",
                "fs-extra": "^9.0.1"
            },
            "bin": {
                "amato-cli": "dist/index.js"
            },
            "devDependencies": {
                "@types/node": "^14.14.9",
                "argv": "^0.0.2"
            }
        },
        "node_modules/@types/argv": {
            "version": "0.0.4",
            "resolved": "https://registry.npmjs.org/@types/argv/-/argv-0.0.4.tgz",
            "integrity": "sha1-PCpOhRZPOs0Xue3hCZd3Bw1HVA4="
        },
        "node_modules/@types/fs-extra": {
            "version": "9.0.4",
            "resolved": "https://registry.npmjs.org/@types/fs-extra/-/fs-extra-9.0.4.tgz",
            "integrity": "sha512-50GO5ez44lxK5MDH90DYHFFfqxH7+fTqEEnvguQRzJ/tY9qFrMSHLiYHite+F3SNmf7+LHC1eMXojuD+E3Qcyg==",
            "dependencies": {
                "@types/node": "*"
            }
        },
        "node_modules/@types/node": {
            "version": "14.14.9",
            "resolved": "https://registry.npmjs.org/@types/node/-/node-14.14.9.tgz",
            "integrity": "sha512-JsoLXFppG62tWTklIoO4knA+oDTYsmqWxHRvd4lpmfQRNhX6osheUOWETP2jMoV/2bEHuMra8Pp3Dmo/stBFcw=="
        },
        "node_modules/amato": {
            "version": "1.0.2",
            "resolved": "https://registry.npmjs.org/amato/-/amato-1.0.2.tgz",
            "integrity": "sha512-xjE2WsHdDypgNgRGqfHLEqUEUpxyTtlr9dGMpIQg0gNEMrmeLDGV+VMuh2ueG7IyZN5tYqQfj2FFMR4TsmUVBA==",
            "dependencies": {
                "json-loader": "^0.5.7",
                "marked": "^1.2.5"
            }
        },
        "node_modules/argv": {
            "version": "0.0.2",
            "resolved": "https://registry.npmjs.org/argv/-/argv-0.0.2.tgz",
            "integrity": "sha1-7L0W+JSbFXGDcRsb2jNPN4QBhas=",
            "dev": true,
            "engines": {
                "node": ">=0.6.10"
            }
        },
        "node_modules/at-least-node": {
            "version": "1.0.0",
            "resolved": "https://registry.npmjs.org/at-least-node/-/at-least-node-1.0.0.tgz",
            "integrity": "sha512-+q/t7Ekv1EDY2l6Gda6LLiX14rU9TV20Wa3ofeQmwPFZbOMo9DXrLbOjFaaclkXKWidIaopwAObQDqwWtGUjqg==",
            "engines": {
                "node": ">= 4.0.0"
            }
        },
        "node_modules/fs-extra": {
            "version": "9.0.1",
            "resolved": "https://registry.npmjs.org/fs-extra/-/fs-extra-9.0.1.tgz",
            "integrity": "sha512-h2iAoN838FqAFJY2/qVpzFXy+EBxfVE220PalAqQLDVsFOHLJrZvut5puAbCdNv6WJk+B8ihI+k0c7JK5erwqQ==",
            "dependencies": {
                "at-least-node": "^1.0.0",
                "graceful-fs": "^4.2.0",
                "jsonfile": "^6.0.1",
                "universalify": "^1.0.0"
            },
            "engines": {
                "node": ">=10"
            }
        },
        "node_modules/graceful-fs": {
            "version": "4.2.4",
            "resolved": "https://registry.npmjs.org/graceful-fs/-/graceful-fs-4.2.4.tgz",
            "integrity": "sha512-WjKPNJF79dtJAVniUlGGWHYGz2jWxT6VhN/4m1NdkbZ2nOsEF+cI1Edgql5zCRhs/VsQYRvrXctxktVXZUkixw=="
        },
        "node_modules/json-loader": {
            "version": "0.5.7",
            "resolved": "https://registry.npmjs.org/json-loader/-/json-loader-0.5.7.tgz",
            "integrity": "sha512-QLPs8Dj7lnf3e3QYS1zkCo+4ZwqOiF9d/nZnYozTISxXWCfNs9yuky5rJw4/W34s7POaNlbZmQGaB5NiXCbP4w=="
        },
        "node_modules/jsonfile": {
            "version": "6.1.0",
            "resolved": "https://registry.npmjs.org/jsonfile/-/jsonfile-6.1.0.tgz",
            "integrity": "sha512-5dgndWOriYSm5cnYaJNhalLNDKOqFwyDB/rr1E9ZsGciGvKPs8R2xYGCacuf3z6K1YKDz182fd+fY3cn3pMqXQ==",
            "dependencies": {
                "graceful-fs": "^4.1.6",
                "universalify": "^2.0.0"
            },
            "optionalDependencies": {
                "graceful-fs": "^4.1.6"
            }
        },
        "node_modules/jsonfile/node_modules/universalify": {
            "version": "2.0.0",
            "resolved": "https://registry.npmjs.org/universalify/-/universalify-2.0.0.tgz",
            "integrity": "sha512-hAZsKq7Yy11Zu1DE0OzWjw7nnLZmJZYTDZZyEFHZdUhV8FkH5MCfoU1XMaxXovpyW5nq5scPqq0ZDP9Zyl04oQ==",
            "engines": {
                "node": ">= 10.0.0"
            }
        },
        "node_modules/marked": {
            "version": "1.2.5",
            "resolved": "https://registry.npmjs.org/marked/-/marked-1.2.5.tgz",
            "integrity": "sha512-2AlqgYnVPOc9WDyWu7S5DJaEZsfk6dNh/neatQ3IHUW4QLutM/VPSH9lG7bif+XjFWc9K9XR3QvR+fXuECmfdA==",
            "bin": {
                "marked": "bin/marked"
            },
            "engines": {
                "node": ">= 8.16.2"
            }
        },
        "node_modules/universalify": {
            "version": "1.0.0",
            "resolved": "https://registry.npmjs.org/universalify/-/universalify-1.0.0.tgz",
            "integrity": "sha512-rb6X1W158d7pRQBg5gkR8uPaSfiids68LTJQYOtEUhoJUWBdaQHsuT/EUduxXYxcrt4r5PJ4fuHW1MHT6p0qug==",
            "engines": {
                "node": ">= 10.0.0"
            }
        }
    },
    "dependencies": {
        "@types/argv": {
            "version": "0.0.4",
            "resolved": "https://registry.npmjs.org/@types/argv/-/argv-0.0.4.tgz",
            "integrity": "sha1-PCpOhRZPOs0Xue3hCZd3Bw1HVA4="
        },
        "@types/fs-extra": {
            "version": "9.0.4",
            "resolved": "https://registry.npmjs.org/@types/fs-extra/-/fs-extra-9.0.4.tgz",
            "integrity": "sha512-50GO5ez44lxK5MDH90DYHFFfqxH7+fTqEEnvguQRzJ/tY9qFrMSHLiYHite+F3SNmf7+LHC1eMXojuD+E3Qcyg==",
            "requires": {
                "@types/node": "*"
            }
        },
        "@types/node": {
            "version": "14.14.9",
            "resolved": "https://registry.npmjs.org/@types/node/-/node-14.14.9.tgz",
            "integrity": "sha512-JsoLXFppG62tWTklIoO4knA+oDTYsmqWxHRvd4lpmfQRNhX6osheUOWETP2jMoV/2bEHuMra8Pp3Dmo/stBFcw=="
        },
        "amato": {
            "version": "1.0.2",
            "resolved": "https://registry.npmjs.org/amato/-/amato-1.0.2.tgz",
            "integrity": "sha512-xjE2WsHdDypgNgRGqfHLEqUEUpxyTtlr9dGMpIQg0gNEMrmeLDGV+VMuh2ueG7IyZN5tYqQfj2FFMR4TsmUVBA==",
            "requires": {
                "json-loader": "^0.5.7",
                "marked": "^1.2.5"
            }
        },
        "argv": {
            "version": "0.0.2",
            "resolved": "https://registry.npmjs.org/argv/-/argv-0.0.2.tgz",
            "integrity": "sha1-7L0W+JSbFXGDcRsb2jNPN4QBhas=",
            "dev": true
        },
        "at-least-node": {
            "version": "1.0.0",
            "resolved": "https://registry.npmjs.org/at-least-node/-/at-least-node-1.0.0.tgz",
            "integrity": "sha512-+q/t7Ekv1EDY2l6Gda6LLiX14rU9TV20Wa3ofeQmwPFZbOMo9DXrLbOjFaaclkXKWidIaopwAObQDqwWtGUjqg=="
        },
        "fs-extra": {
            "version": "9.0.1",
            "resolved": "https://registry.npmjs.org/fs-extra/-/fs-extra-9.0.1.tgz",
            "integrity": "sha512-h2iAoN838FqAFJY2/qVpzFXy+EBxfVE220PalAqQLDVsFOHLJrZvut5puAbCdNv6WJk+B8ihI+k0c7JK5erwqQ==",
            "requires": {
                "at-least-node": "^1.0.0",
                "graceful-fs": "^4.2.0",
                "jsonfile": "^6.0.1",
                "universalify": "^1.0.0"
            }
        },
        "graceful-fs": {
            "version": "4.2.4",
            "resolved": "https://registry.npmjs.org/graceful-fs/-/graceful-fs-4.2.4.tgz",
            "integrity": "sha512-WjKPNJF79dtJAVniUlGGWHYGz2jWxT6VhN/4m1NdkbZ2nOsEF+cI1Edgql5zCRhs/VsQYRvrXctxktVXZUkixw=="
        },
        "json-loader": {
            "version": "0.5.7",
            "resolved": "https://registry.npmjs.org/json-loader/-/json-loader-0.5.7.tgz",
            "integrity": "sha512-QLPs8Dj7lnf3e3QYS1zkCo+4ZwqOiF9d/nZnYozTISxXWCfNs9yuky5rJw4/W34s7POaNlbZmQGaB5NiXCbP4w=="
        },
        "jsonfile": {
            "version": "6.1.0",
            "resolved": "https://registry.npmjs.org/jsonfile/-/jsonfile-6.1.0.tgz",
            "integrity": "sha512-5dgndWOriYSm5cnYaJNhalLNDKOqFwyDB/rr1E9ZsGciGvKPs8R2xYGCacuf3z6K1YKDz182fd+fY3cn3pMqXQ==",
            "requires": {
                "graceful-fs": "^4.1.6",
                "universalify": "^2.0.0"
            },
            "dependencies": {
                "universalify": {
                    "version": "2.0.0",
                    "resolved": "https://registry.npmjs.org/universalify/-/universalify-2.0.0.tgz",
                    "integrity": "sha512-hAZsKq7Yy11Zu1DE0OzWjw7nnLZmJZYTDZZyEFHZdUhV8FkH5MCfoU1XMaxXovpyW5nq5scPqq0ZDP9Zyl04oQ=="
                }
            }
        },
        "marked": {
            "version": "1.2.5",
            "resolved": "https://registry.npmjs.org/marked/-/marked-1.2.5.tgz",
            "integrity": "sha512-2AlqgYnVPOc9WDyWu7S5DJaEZsfk6dNh/neatQ3IHUW4QLutM/VPSH9lG7bif+XjFWc9K9XR3QvR+fXuECmfdA=="
        },
        "universalify": {
            "version": "1.0.0",
            "resolved": "https://registry.npmjs.org/universalify/-/universalify-1.0.0.tgz",
            "integrity": "sha512-rb6X1W158d7pRQBg5gkR8uPaSfiids68LTJQYOtEUhoJUWBdaQHsuT/EUduxXYxcrt4r5PJ4fuHW1MHT6p0qug=="
        }
    }
}
